Microsoft Visual Studio Solution File, Format Version 12.00
# Visual Studio Version 17
VisualStudioVersion = 17.0.31903.59
MinimumVisualStudioVersion = 10.0.40219.1
Project("{FAE04EC0-301F-11D3-BF4B-00C04F79EFBC}") = "StateForge.ApiValidationTests", "src\StateForge.ApiValidationTests\StateForge.ApiValidationTests.csproj", "{5ED32DB3-FAA2-54E2-B434-450124A776B9}"
EndProject
Project("{FAE04EC0-301F-11D3-BF4B-00C04F79EFBC}") = "StateForge.AspNet", "src\StateForge.AspNet\StateForge.AspNet.csproj", "{09DC6986-EAF2-56D2-9656-868E04BAEE5B}"
EndProject
Project("{FAE04EC0-301F-11D3-BF4B-00C04F79EFBC}") = "StateForge.AspNetCore", "src\StateForge.AspNetCore\StateForge.AspNetCore.csproj", "{BBF28B17-11D3-56B8-A04D-C0A9AEF4B03B}"
EndProject
Project("{FAE04EC0-301F-11D3-BF4B-00C04F79EFBC}") = "StateForge.AspNetHarness", "src\StateForge.AspNetHarness\StateForge.AspNetHarness.csproj", "{699C7217-6084-545A-85AC-16443A27DB55}"
EndProject
Project("{FAE04EC0-301F-11D3-BF4B-00C04F79EFBC}") = "StateForge.Benchmarks", "src\StateForge.Benchmarks\StateForge.Benchmarks.csproj", "{E36F0A1E-1FC3-57AF-BB32-705FE83B9B9C}"
EndProject
Project("{FAE04EC0-301F-11D3-BF4B-00C04F79EFBC}") = "StateForge.CloudNative", "src\StateForge.CloudNative\StateForge.CloudNative.csproj", "{176ECD6D-D6BF-5B0A-B3B4-FD6961387EC1}"
EndProject
Project("{FAE04EC0-301F-11D3-BF4B-00C04F79EFBC}") = "StateForge.Core", "src\StateForge.Core\StateForge.Core.csproj", "{0B809C95-823B-56A0-BC4F-910015A0AEDA}"
EndProject
Project("{FAE04EC0-301F-11D3-BF4B-00C04F79EFBC}") = "StateForge.FarmTests", "src\StateForge.FarmTests\StateForge.FarmTests.csproj", "{A1BD2EEF-DE87-5E04-AE81-06C20BAEAEF8}"
EndProject
Project("{FAE04EC0-301F-11D3-BF4B-00C04F79EFBC}") = "StateForge.FileStore", "src\StateForge.FileStore\StateForge.FileStore.csproj", "{9E523C7B-3F9A-5ED6-93D6-D8812468664A}"
EndProject
Project("{FAE04EC0-301F-11D3-BF4B-00C04F79EFBC}") = "StateForge.Format", "src\StateForge.Format\StateForge.Format.csproj", "{5193F3BA-BE37-5D36-842A-B7C8D7795E85}"
EndProject
Project("{FAE04EC0-301F-11D3-BF4B-00C04F79EFBC}") = "StateForge.FormatHarness", "src\StateForge.FormatHarness\StateForge.FormatHarness.csproj", "{53EB5A22-7774-54A9-A617-5D4DE9DB0F49}"
EndProject
Project("{FAE04EC0-301F-11D3-BF4B-00C04F79EFBC}") = "StateForge.FormatTests", "src\StateForge.FormatTests\StateForge.FormatTests.csproj", "{F91A1052-7D44-5D00-90C3-79513D18D73C}"
EndProject
Project("{FAE04EC0-301F-11D3-BF4B-00C04F79EFBC}") = "StateForge.KestrelClientTest", "src\StateForge.KestrelClientTest\StateForge.KestrelClientTest.csproj", "{63C99681-49FC-50C9-BA30-9F14DBA5C109}"
EndProject
Project("{FAE04EC0-301F-11D3-BF4B-00C04F79EFBC}") = "StateForge.KestrelHarness", "src\StateForge.KestrelHarness\StateForge.KestrelHarness.csproj", "{B24053E2-C1E9-5C1E-BB4D-6EE3FE1B1E74}"
EndProject
Project("{FAE04EC0-301F-11D3-BF4B-00C04F79EFBC}") = "StateForge.Maintenance", "src\StateForge.Maintenance\StateForge.Maintenance.csproj", "{2119A268-3820-56B2-BFA6-D5C0444F0702}"
EndProject
Project("{FAE04EC0-301F-11D3-BF4B-00C04F79EFBC}") = "StateForge.Maintenance.Host", "src\StateForge.Maintenance.Host\StateForge.Maintenance.Host.csproj", "{E518256D-F898-55B3-97F4-525E92A0844D}"
EndProject
Project("{FAE04EC0-301F-11D3-BF4B-00C04F79EFBC}") = "StateForge.MigrationHarness", "src\StateForge.MigrationHarness\StateForge.MigrationHarness.csproj", "{A3317F6F-A142-51EB-8B6B-EA876AC8F2B0}"
EndProject
Project("{FAE04EC0-301F-11D3-BF4B-00C04F79EFBC}") = "StateForge.Performance", "src\StateForge.Performance\StateForge.Performance.csproj", "{267579AB-F51D-532B-8A09-57F6F58CFE9A}"
EndProject
Project("{FAE04EC0-301F-11D3-BF4B-00C04F79EFBC}") = "StateForge.PerformanceTests", "src\StateForge.PerformanceTests\StateForge.PerformanceTests.csproj", "{FFA8BB59-7006-565F-9E30-A3D487FC5910}"
EndProject
Project("{FAE04EC0-301F-11D3-BF4B-00C04F79EFBC}") = "StateForge.Prometheus", "src\StateForge.Prometheus\StateForge.Prometheus.csproj", "{75D4FF5F-EAA9-52D4-8ADE-6ABBE0C7500A}"
EndProject
Project("{FAE04EC0-301F-11D3-BF4B-00C04F79EFBC}") = "StateForge.PrometheusTests", "src\StateForge.PrometheusTests\StateForge.PrometheusTests.csproj", "{3D1610B7-299D-5927-90BF-D48CBDC00E9D}"
EndProject
Project("{FAE04EC0-301F-11D3-BF4B-00C04F79EFBC}") = "StateForge.ResilienceTests", "src\StateForge.ResilienceTests\StateForge.ResilienceTests.csproj", "{EAA16D9D-1D5F-5CEB-AE0F-3C182A70E152}"
EndProject
Project("{FAE04EC0-301F-11D3-BF4B-00C04F79EFBC}") = "StateForge.ScaleTests", "src\StateForge.ScaleTests\StateForge.ScaleTests.csproj", "{65C28AAF-88B8-5DE6-9905-F73B83B0F2E9}"
EndProject
Project("{FAE04EC0-301F-11D3-BF4B-00C04F79EFBC}") = "StateForge.Security", "src\StateForge.Security\StateForge.Security.csproj", "{85EAF317-B766-5EFD-8AEA-F59D05CB1426}"
EndProject
Project("{FAE04EC0-301F-11D3-BF4B-00C04F79EFBC}") = "StateForge.SmokeTests", "src\StateForge.SmokeTests\StateForge.SmokeTests.csproj", "{7929D5A7-D823-5DB4-986F-AAE9AFC51D5F}"
EndProject
Project("{FAE04EC0-301F-11D3-BF4B-00C04F79EFBC}") = "StateForge.SnapshotTests", "src\StateForge.SnapshotTests\StateForge.SnapshotTests.csproj", "{5325230E-0399-5E8E-9F9D-A32BABBD279E}"
EndProject
Project("{FAE04EC0-301F-11D3-BF4B-00C04F79EFBC}") = "StateForge.StoreMigrationHarness", "src\StateForge.StoreMigrationHarness\StateForge.StoreMigrationHarness.csproj", "{FE124F67-9C47-5A5D-BBEB-5FA1629F9173}"
EndProject
Project("{FAE04EC0-301F-11D3-BF4B-00C04F79EFBC}") = "StateForge.Telemetry", "src\StateForge.Telemetry\StateForge.Telemetry.csproj", "{F2DB81BA-4604-5115-B1AC-B152017A7779}"
EndProject
Project("{FAE04EC0-301F-11D3-BF4B-00C04F79EFBC}") = "StateForge.Telemetry.AspNetCore", "src\StateForge.Telemetry.AspNetCore\StateForge.Telemetry.AspNetCore.csproj", "{3AE13E4D-1743-5E47-AE00-C57CA75D20B8}"
EndProject
Project("{FAE04EC0-301F-11D3-BF4B-00C04F79EFBC}") = "StateForge.Tools", "src\StateForge.Tools\StateForge.Tools.csproj", "{103E0136-14D8-5D17-99DC-1B32D6ABFC23}"
EndProject
Project("{FAE04EC0-301F-11D3-BF4B-00C04F79EFBC}") = "StateForge.FileStore.Tests", "tests\StateForge.FileStore.Tests\StateForge.FileStore.Tests.csproj", "{A028A3D4-0A56-58E4-AB43-252C4096CC6E}"
EndProject
Global
    GlobalSection(SolutionConfigurationPlatforms) = preSolution
        Debug|Any CPU = Debug|Any CPU
        Release|Any CPU = Release|Any CPU
    EndGlobalSection
    GlobalSection(ProjectConfigurationPlatforms) = postSolution
        {5ED32DB3-FAA2-54E2-B434-450124A776B9}.Debug|Any CPU.ActiveCfg = Debug|Any CPU
        {5ED32DB3-FAA2-54E2-B434-450124A776B9}.Debug|Any CPU.Build.0 = Debug|Any CPU
        {5ED32DB3-FAA2-54E2-B434-450124A776B9}.Release|Any CPU.ActiveCfg = Release|Any CPU
        {5ED32DB3-FAA2-54E2-B434-450124A776B9}.Release|Any CPU.Build.0 = Release|Any CPU
        {09DC6986-EAF2-56D2-9656-868E04BAEE5B}.Debug|Any CPU.ActiveCfg = Debug|Any CPU
        {09DC6986-EAF2-56D2-9656-868E04BAEE5B}.Debug|Any CPU.Build.0 = Debug|Any CPU
        {09DC6986-EAF2-56D2-9656-868E04BAEE5B}.Release|Any CPU.ActiveCfg = Release|Any CPU
        {09DC6986-EAF2-56D2-9656-868E04BAEE5B}.Release|Any CPU.Build.0 = Release|Any CPU
        {BBF28B17-11D3-56B8-A04D-C0A9AEF4B03B}.Debug|Any CPU.ActiveCfg = Debug|Any CPU
        {BBF28B17-11D3-56B8-A04D-C0A9AEF4B03B}.Debug|Any CPU.Build.0 = Debug|Any CPU
        {BBF28B17-11D3-56B8-A04D-C0A9AEF4B03B}.Release|Any CPU.ActiveCfg = Release|Any CPU
        {BBF28B17-11D3-56B8-A04D-C0A9AEF4B03B}.Release|Any CPU.Build.0 = Release|Any CPU
        {699C7217-6084-545A-85AC-16443A27DB55}.Debug|Any CPU.ActiveCfg = Debug|Any CPU
        {699C7217-6084-545A-85AC-16443A27DB55}.Debug|Any CPU.Build.0 = Debug|Any CPU
        {699C7217-6084-545A-85AC-16443A27DB55}.Release|Any CPU.ActiveCfg = Release|Any CPU
        {699C7217-6084-545A-85AC-16443A27DB55}.Release|Any CPU.Build.0 = Release|Any CPU
        {E36F0A1E-1FC3-57AF-BB32-705FE83B9B9C}.Debug|Any CPU.ActiveCfg = Debug|Any CPU
        {E36F0A1E-1FC3-57AF-BB32-705FE83B9B9C}.Debug|Any CPU.Build.0 = Debug|Any CPU
        {E36F0A1E-1FC3-57AF-BB32-705FE83B9B9C}.Release|Any CPU.ActiveCfg = Release|Any CPU
        {E36F0A1E-1FC3-57AF-BB32-705FE83B9B9C}.Release|Any CPU.Build.0 = Release|Any CPU
        {176ECD6D-D6BF-5B0A-B3B4-FD6961387EC1}.Debug|Any CPU.ActiveCfg = Debug|Any CPU
        {176ECD6D-D6BF-5B0A-B3B4-FD6961387EC1}.Debug|Any CPU.Build.0 = Debug|Any CPU
        {176ECD6D-D6BF-5B0A-B3B4-FD6961387EC1}.Release|Any CPU.ActiveCfg = Release|Any CPU
        {176ECD6D-D6BF-5B0A-B3B4-FD6961387EC1}.Release|Any CPU.Build.0 = Release|Any CPU
        {0B809C95-823B-56A0-BC4F-910015A0AEDA}.Debug|Any CPU.ActiveCfg = Debug|Any CPU
        {0B809C95-823B-56A0-BC4F-910015A0AEDA}.Debug|Any CPU.Build.0 = Debug|Any CPU
        {0B809C95-823B-56A0-BC4F-910015A0AEDA}.Release|Any CPU.ActiveCfg = Release|Any CPU
        {0B809C95-823B-56A0-BC4F-910015A0AEDA}.Release|Any CPU.Build.0 = Release|Any CPU
        {A1BD2EEF-DE87-5E04-AE81-06C20BAEAEF8}.Debug|Any CPU.ActiveCfg = Debug|Any CPU
        {A1BD2EEF-DE87-5E04-AE81-06C20BAEAEF8}.Debug|Any CPU.Build.0 = Debug|Any CPU
        {A1BD2EEF-DE87-5E04-AE81-06C20BAEAEF8}.Release|Any CPU.ActiveCfg = Release|Any CPU
        {A1BD2EEF-DE87-5E04-AE81-06C20BAEAEF8}.Release|Any CPU.Build.0 = Release|Any CPU
        {9E523C7B-3F9A-5ED6-93D6-D8812468664A}.Debug|Any CPU.ActiveCfg = Debug|Any CPU
        {9E523C7B-3F9A-5ED6-93D6-D8812468664A}.Debug|Any CPU.Build.0 = Debug|Any CPU
        {9E523C7B-3F9A-5ED6-93D6-D8812468664A}.Release|Any CPU.ActiveCfg = Release|Any CPU
        {9E523C7B-3F9A-5ED6-93D6-D8812468664A}.Release|Any CPU.Build.0 = Release|Any CPU
        {5193F3BA-BE37-5D36-842A-B7C8D7795E85}.Debug|Any CPU.ActiveCfg = Debug|Any CPU
        {5193F3BA-BE37-5D36-842A-B7C8D7795E85}.Debug|Any CPU.Build.0 = Debug|Any CPU
        {5193F3BA-BE37-5D36-842A-B7C8D7795E85}.Release|Any CPU.ActiveCfg = Release|Any CPU
        {5193F3BA-BE37-5D36-842A-B7C8D7795E85}.Release|Any CPU.Build.0 = Release|Any CPU
        {53EB5A22-7774-54A9-A617-5D4DE9DB0F49}.Debug|Any CPU.ActiveCfg = Debug|Any CPU
        {53EB5A22-7774-54A9-A617-5D4DE9DB0F49}.Debug|Any CPU.Build.0 = Debug|Any CPU
        {53EB5A22-7774-54A9-A617-5D4DE9DB0F49}.Release|Any CPU.ActiveCfg = Release|Any CPU
        {53EB5A22-7774-54A9-A617-5D4DE9DB0F49}.Release|Any CPU.Build.0 = Release|Any CPU
        {F91A1052-7D44-5D00-90C3-79513D18D73C}.Debug|Any CPU.ActiveCfg = Debug|Any CPU
        {F91A1052-7D44-5D00-90C3-79513D18D73C}.Debug|Any CPU.Build.0 = Debug|Any CPU
        {F91A1052-7D44-5D00-90C3-79513D18D73C}.Release|Any CPU.ActiveCfg = Release|Any CPU
        {F91A1052-7D44-5D00-90C3-79513D18D73C}.Release|Any CPU.Build.0 = Release|Any CPU
        {63C99681-49FC-50C9-BA30-9F14DBA5C109}.Debug|Any CPU.ActiveCfg = Debug|Any CPU
        {63C99681-49FC-50C9-BA30-9F14DBA5C109}.Debug|Any CPU.Build.0 = Debug|Any CPU
        {63C99681-49FC-50C9-BA30-9F14DBA5C109}.Release|Any CPU.ActiveCfg = Release|Any CPU
        {63C99681-49FC-50C9-BA30-9F14DBA5C109}.Release|Any CPU.Build.0 = Release|Any CPU
        {B24053E2-C1E9-5C1E-BB4D-6EE3FE1B1E74}.Debug|Any CPU.ActiveCfg = Debug|Any CPU
        {B24053E2-C1E9-5C1E-BB4D-6EE3FE1B1E74}.Debug|Any CPU.Build.0 = Debug|Any CPU
        {B24053E2-C1E9-5C1E-BB4D-6EE3FE1B1E74}.Release|Any CPU.ActiveCfg = Release|Any CPU
        {B24053E2-C1E9-5C1E-BB4D-6EE3FE1B1E74}.Release|Any CPU.Build.0 = Release|Any CPU
        {2119A268-3820-56B2-BFA6-D5C0444F0702}.Debug|Any CPU.ActiveCfg = Debug|Any CPU
        {2119A268-3820-56B2-BFA6-D5C0444F0702}.Debug|Any CPU.Build.0 = Debug|Any CPU
        {2119A268-3820-56B2-BFA6-D5C0444F0702}.Release|Any CPU.ActiveCfg = Release|Any CPU
        {2119A268-3820-56B2-BFA6-D5C0444F0702}.Release|Any CPU.Build.0 = Release|Any CPU
        {E518256D-F898-55B3-97F4-525E92A0844D}.Debug|Any CPU.ActiveCfg = Debug|Any CPU
        {E518256D-F898-55B3-97F4-525E92A0844D}.Debug|Any CPU.Build.0 = Debug|Any CPU
        {E518256D-F898-55B3-97F4-525E92A0844D}.Release|Any CPU.ActiveCfg = Release|Any CPU
        {E518256D-F898-55B3-97F4-525E92A0844D}.Release|Any CPU.Build.0 = Release|Any CPU
        {A3317F6F-A142-51EB-8B6B-EA876AC8F2B0}.Debug|Any CPU.ActiveCfg = Debug|Any CPU
        {A3317F6F-A142-51EB-8B6B-EA876AC8F2B0}.Debug|Any CPU.Build.0 = Debug|Any CPU
        {A3317F6F-A142-51EB-8B6B-EA876AC8F2B0}.Release|Any CPU.ActiveCfg = Release|Any CPU
        {A3317F6F-A142-51EB-8B6B-EA876AC8F2B0}.Release|Any CPU.Build.0 = Release|Any CPU
        {267579AB-F51D-532B-8A09-57F6F58CFE9A}.Debug|Any CPU.ActiveCfg = Debug|Any CPU
        {267579AB-F51D-532B-8A09-57F6F58CFE9A}.Debug|Any CPU.Build.0 = Debug|Any CPU
        {267579AB-F51D-532B-8A09-57F6F58CFE9A}.Release|Any CPU.ActiveCfg = Release|Any CPU
        {267579AB-F51D-532B-8A09-57F6F58CFE9A}.Release|Any CPU.Build.0 = Release|Any CPU
        {FFA8BB59-7006-565F-9E30-A3D487FC5910}.Debug|Any CPU.ActiveCfg = Debug|Any CPU
        {FFA8BB59-7006-565F-9E30-A3D487FC5910}.Debug|Any CPU.Build.0 = Debug|Any CPU
        {FFA8BB59-7006-565F-9E30-A3D487FC5910}.Release|Any CPU.ActiveCfg = Release|Any CPU
        {FFA8BB59-7006-565F-9E30-A3D487FC5910}.Release|Any CPU.Build.0 = Release|Any CPU
        {75D4FF5F-EAA9-52D4-8ADE-6ABBE0C7500A}.Debug|Any CPU.ActiveCfg = Debug|Any CPU
        {75D4FF5F-EAA9-52D4-8ADE-6ABBE0C7500A}.Debug|Any CPU.Build.0 = Debug|Any CPU
        {75D4FF5F-EAA9-52D4-8ADE-6ABBE0C7500A}.Release|Any CPU.ActiveCfg = Release|Any CPU
        {75D4FF5F-EAA9-52D4-8ADE-6ABBE0C7500A}.Release|Any CPU.Build.0 = Release|Any CPU
        {3D1610B7-299D-5927-90BF-D48CBDC00E9D}.Debug|Any CPU.ActiveCfg = Debug|Any CPU
        {3D1610B7-299D-5927-90BF-D48CBDC00E9D}.Debug|Any CPU.Build.0 = Debug|Any CPU
        {3D1610B7-299D-5927-90BF-D48CBDC00E9D}.Release|Any CPU.ActiveCfg = Release|Any CPU
        {3D1610B7-299D-5927-90BF-D48CBDC00E9D}.Release|Any CPU.Build.0 = Release|Any CPU
        {EAA16D9D-1D5F-5CEB-AE0F-3C182A70E152}.Debug|Any CPU.ActiveCfg = Debug|Any CPU
        {EAA16D9D-1D5F-5CEB-AE0F-3C182A70E152}.Debug|Any CPU.Build.0 = Debug|Any CPU
        {EAA16D9D-1D5F-5CEB-AE0F-3C182A70E152}.Release|Any CPU.ActiveCfg = Release|Any CPU
        {EAA16D9D-1D5F-5CEB-AE0F-3C182A70E152}.Release|Any CPU.Build.0 = Release|Any CPU
        {65C28AAF-88B8-5DE6-9905-F73B83B0F2E9}.Debug|Any CPU.ActiveCfg = Debug|Any CPU
        {65C28AAF-88B8-5DE6-9905-F73B83B0F2E9}.Debug|Any CPU.Build.0 = Debug|Any CPU
        {65C28AAF-88B8-5DE6-9905-F73B83B0F2E9}.Release|Any CPU.ActiveCfg = Release|Any CPU
        {65C28AAF-88B8-5DE6-9905-F73B83B0F2E9}.Release|Any CPU.Build.0 = Release|Any CPU
        {85EAF317-B766-5EFD-8AEA-F59D05CB1426}.Debug|Any CPU.ActiveCfg = Debug|Any CPU
        {85EAF317-B766-5EFD-8AEA-F59D05CB1426}.Debug|Any CPU.Build.0 = Debug|Any CPU
        {85EAF317-B766-5EFD-8AEA-F59D05CB1426}.Release|Any CPU.ActiveCfg = Release|Any CPU
        {85EAF317-B766-5EFD-8AEA-F59D05CB1426}.Release|Any CPU.Build.0 = Release|Any CPU
        {7929D5A7-D823-5DB4-986F-AAE9AFC51D5F}.Debug|Any CPU.ActiveCfg = Debug|Any CPU
        {7929D5A7-D823-5DB4-986F-AAE9AFC51D5F}.Debug|Any CPU.Build.0 = Debug|Any CPU
        {7929D5A7-D823-5DB4-986F-AAE9AFC51D5F}.Release|Any CPU.ActiveCfg = Release|Any CPU
        {7929D5A7-D823-5DB4-986F-AAE9AFC51D5F}.Release|Any CPU.Build.0 = Release|Any CPU
        {5325230E-0399-5E8E-9F9D-A32BABBD279E}.Debug|Any CPU.ActiveCfg = Debug|Any CPU
        {5325230E-0399-5E8E-9F9D-A32BABBD279E}.Debug|Any CPU.Build.0 = Debug|Any CPU
        {5325230E-0399-5E8E-9F9D-A32BABBD279E}.Release|Any CPU.ActiveCfg = Release|Any CPU
        {5325230E-0399-5E8E-9F9D-A32BABBD279E}.Release|Any CPU.Build.0 = Release|Any CPU
        {FE124F67-9C47-5A5D-BBEB-5FA1629F9173}.Debug|Any CPU.ActiveCfg = Debug|Any CPU
        {FE124F67-9C47-5A5D-BBEB-5FA1629F9173}.Debug|Any CPU.Build.0 = Debug|Any CPU
        {FE124F67-9C47-5A5D-BBEB-5FA1629F9173}.Release|Any CPU.ActiveCfg = Release|Any CPU
        {FE124F67-9C47-5A5D-BBEB-5FA1629F9173}.Release|Any CPU.Build.0 = Release|Any CPU
        {F2DB81BA-4604-5115-B1AC-B152017A7779}.Debug|Any CPU.ActiveCfg = Debug|Any CPU
        {F2DB81BA-4604-5115-B1AC-B152017A7779}.Debug|Any CPU.Build.0 = Debug|Any CPU
        {F2DB81BA-4604-5115-B1AC-B152017A7779}.Release|Any CPU.ActiveCfg = Release|Any CPU
        {F2DB81BA-4604-5115-B1AC-B152017A7779}.Release|Any CPU.Build.0 = Release|Any CPU
        {3AE13E4D-1743-5E47-AE00-C57CA75D20B8}.Debug|Any CPU.ActiveCfg = Debug|Any CPU
        {3AE13E4D-1743-5E47-AE00-C57CA75D20B8}.Debug|Any CPU.Build.0 = Debug|Any CPU
        {3AE13E4D-1743-5E47-AE00-C57CA75D20B8}.Release|Any CPU.ActiveCfg = Release|Any CPU
        {3AE13E4D-1743-5E47-AE00-C57CA75D20B8}.Release|Any CPU.Build.0 = Release|Any CPU
        {103E0136-14D8-5D17-99DC-1B32D6ABFC23}.Debug|Any CPU.ActiveCfg = Debug|Any CPU
        {103E0136-14D8-5D17-99DC-1B32D6ABFC23}.Debug|Any CPU.Build.0 = Debug|Any CPU
        {103E0136-14D8-5D17-99DC-1B32D6ABFC23}.Release|Any CPU.ActiveCfg = Release|Any CPU
        {103E0136-14D8-5D17-99DC-1B32D6ABFC23}.Release|Any CPU.Build.0 = Release|Any CPU
        {A028A3D4-0A56-58E4-AB43-252C4096CC6E}.Debug|Any CPU.ActiveCfg = Debug|Any CPU
        {A028A3D4-0A56-58E4-AB43-252C4096CC6E}.Debug|Any CPU.Build.0 = Debug|Any CPU
        {A028A3D4-0A56-58E4-AB43-252C4096CC6E}.Release|Any CPU.ActiveCfg = Release|Any CPU
        {A028A3D4-0A56-58E4-AB43-252C4096CC6E}.Release|Any CPU.Build.0 = Release|Any CPU
    EndGlobalSection
EndGlobal
